{
  "nodes": {
    "herbstluftwm": {
      "flake": false,
      "locked": {
        "lastModified": 1638803794,
        "narHash": "sha256-08EXWckppi3y22iQmGauuwkYEABAInqEcM3ojvnXo2s=",
        "owner": "herbstluftwm",
        "repo": "herbstluftwm",
        "rev": "1199ee9218b66d5f9f61c9b99cefc96926fabd23",
        "type": "github"
      },
      "original": {
        "owner": "herbstluftwm",
        "repo": "herbstluftwm",
        "type": "github"
      }
    },
    "nixpkgs": {
      "locked": {
        "lastModified": 1670772952,
        "narHash": "sha256-b7V3cGtMNcQ5c6hwRqqX+eIuNUj+O3orsb64BKPR9yc=",
        "owner": "NixOS",
        "repo": "nixpkgs",
        "rev": "dfef2e61107dc19c211ead99a5a61374ad8317f4",
        "type": "github"
      },
      "original": {
        "owner": "NixOS",
        "ref": "nixos-22.11",
        "repo": "nixpkgs",
        "type": "github"
      }
    },
    "root": {
      "inputs": {
        "herbstluftwm": "herbstluftwm",
        "nixpkgs": "nixpkgs"
      }
    }
  },
  "root": "root",
  "version": 7
}
