{
  "nodes": {
    "herbstluftwm": {
      "flake": false,
      "locked": {
        "lastModified": 1650017788,
        "narHash": "sha256-OY4mBy8zMC8cr9JYe4DQFJvgVX16+a0UtRpJ7Rmh04I=",
        "owner": "herbstluftwm",
        "repo": "herbstluftwm",
        "rev": "5a627d555d98f3ead15bb5b4573c925e60594e56",
        "type": "github"
      },
      "original": {
        "owner": "herbstluftwm",
        "repo": "herbstluftwm",
        "type": "github"
      }
    },
    "nixpkgs": {
      "locked": {
        "lastModified": 1650701402,
        "narHash": "sha256-XKfstdtqDg+O+gNBx1yGVKWIhLgfEDg/e2lvJSsp9vU=",
        "owner": "NixOS",
        "repo": "nixpkgs",
        "rev": "bc41b01dd7a9fdffd32d9b03806798797532a5fe",
        "type": "github"
      },
      "original": {
        "owner": "NixOS",
        "ref": "nixos-unstable",
        "repo": "nixpkgs",
        "type": "github"
      }
    },
    "root": {
      "inputs": {
        "herbstluftwm": "herbstluftwm",
        "nixpkgs": "nixpkgs"
      }
    }
  },
  "root": "root",
  "version": 7
}
